Microsoft Visual Studio Solution File, Format Version 12.00
# Visual Studio Version 17
VisualStudioVersion = 17.5.2.0
MinimumVisualStudioVersion = 10.0.40219.1
Project("{FAE04EC0-301F-11D3-BF4B-00C04F79EFBC}") = "InsuranceQuotes.Api", "InsuranceQuotes.Api.csproj", "{5924924B-1F72-3088-1150-EC8FB30FC85E}"
EndProject
Global
	GlobalSection(SolutionConfigurationPlatforms) = preSolution
		Debug|Any CPU = Debug|Any CPU
		Release|Any CPU = Release|Any CPU
	EndGlobalSection
	GlobalSection(ProjectConfigurationPlatforms) = postSolution
		{5924924B-1F72-3088-1150-EC8FB30FC85E}.Debug|Any CPU.ActiveCfg = Debug|Any CPU
		{5924924B-1F72-3088-1150-EC8FB30FC85E}.Debug|Any CPU.Build.0 = Debug|Any CPU
		{5924924B-1F72-3088-1150-EC8FB30FC85E}.Release|Any CPU.ActiveCfg = Release|Any CPU
		{5924924B-1F72-3088-1150-EC8FB30FC85E}.Release|Any CPU.Build.0 = Release|Any CPU
	EndGlobalSection
	GlobalSection(SolutionProperties) = preSolution
		HideSolutionNode = FALSE
	EndGlobalSection
	GlobalSection(ExtensibilityGlobals) = postSolution
		SolutionGuid = {4C25985B-EFDB-4564-8FCF-15DB237CB92E}
	EndGlobalSection
EndGlobal
